// !$*UTF8*$!
{
	archiveVersion = 1;
	classes = {
	};
	objectVersion = 56;
	objects = {

/* Begin PBXBuildFile section */
		BD8AECFD2A5744C000222717 /* local_notification.mm in Sources */ = {isa = PBXBuildFile; fileRef = BD8AECFC2A5744C000222717 /* local_notification.mm */; };
		BD8AECFE2A5744C000222717 /* local_notification.h in CopyFiles */ = {isa = PBXBuildFile; fileRef = BD8AECFB2A5744C000222717 /* local_notification.h */; };
		BDF397C62A5BE8D50073C2AD /* local_notification_module.mm in Sources */ = {isa = PBXBuildFile; fileRef = BDF397C52A5BE8D50073C2AD /* local_notification_module.mm */; };
/* End PBXBuildFile section */

/* Begin PBXCopyFilesBuildPhase section */
		BD8AECF62A5744C000222717 /* CopyFiles */ = {
			isa = PBXCopyFilesBuildPhase;
			buildActionMask = 2147483647;
			dstPath = "include/$(PRODUCT_NAME)";
			dstSubfolderSpec = 16;
			files = (
				BD8AECFE2A5744C000222717 /* local_notification.h in CopyFiles */,
			);
			runOnlyForDeploymentPostprocessing = 0;
		};
/* End PBXCopyFilesBuildPhase section */

/* Begin PBXFileReference section */
		BD8AECF82A5744C000222717 /* liblocal_notification.a */ = {isa = PBXFileReference; explicitFileType = archive.ar; includeInIndex = 0; path = liblocal_notification.a; sourceTree = BUILT_PRODUCTS_DIR; };
		BD8AECFB2A5744C000222717 /* local_notification.h */ = {isa = PBXFileReference; lastKnownFileType = sourcecode.c.h; path = local_notification.h; sourceTree = "<group>"; };
		BD8AECFC2A5744C000222717 /* local_notification.mm */ = {isa = PBXFileReference; explicitFileType = sourcecode.cpp.objcpp; path = local_notification.mm; sourceTree = "<group>"; };
		BDF397C22A5B4A5A0073C2AD /* local_notification_module.h */ = {isa = PBXFileReference; lastKnownFileType = sourcecode.c.h; path = local_notification_module.h; sourceTree = "<group>"; };
		BDF397C52A5BE8D50073C2AD /* local_notification_module.mm */ = {isa = PBXFileReference; explicitFileType = sourcecode.cpp.objcpp; path = local_notification_module.mm; sourceTree = "<group>"; };
/* End PBXFileReference section */

/* Begin PBXFrameworksBuildPhase section */
		BD8AECF52A5744C000222717 /* Frameworks */ = {
			isa = PBXFrameworksBuildPhase;
			buildActionMask = 2147483647;
			files = (
			);
			runOnlyForDeploymentPostprocessing = 0;
		};
/* End PBXFrameworksBuildPhase section */

/* Begin PBXGroup section */
		BD8AECEF2A5744C000222717 = {
			isa = PBXGroup;
			children = (
				BD8AECFA2A5744C000222717 /* local_notification */,
				BD8AECF92A5744C000222717 /* Products */,
			);
			sourceTree = "<group>";
		};
		BD8AECF92A5744C000222717 /* Products */ = {
			isa = PBXGroup;
			children = (
				BD8AECF82A5744C000222717 /* liblocal_notification.a */,
			);
			name = Products;
			sourceTree = "<group>";
		};
		BD8AECFA2A5744C000222717 /* local_notification */ = {
			isa = PBXGroup;
			children = (
				BDF397C52A5BE8D50073C2AD /* local_notification_module.mm */,
				BD8AECFB2A5744C000222717 /* local_notification.h */,
				BD8AECFC2A5744C000222717 /* local_notification.mm */,
				BDF397C22A5B4A5A0073C2AD /* local_notification_module.h */,
			);
			path = local_notification;
			sourceTree = "<group>";
		};
/* End PBXGroup section */

/* Begin PBXNativeTarget section */
		BD8AECF72A5744C000222717 /* local_notification */ = {
			isa = PBXNativeTarget;
			buildConfigurationList = BD8AED012A5744C000222717 /* Build configuration list for PBXNativeTarget "local_notification" */;
			buildPhases = (
				BD8AECF42A5744C000222717 /* Sources */,
				BD8AECF52A5744C000222717 /* Frameworks */,
				BD8AECF62A5744C000222717 /* CopyFiles */,
			);
			buildRules = (
			);
			dependencies = (
			);
			name = local_notification;
			productName = local_notification;
			productReference = BD8AECF82A5744C000222717 /* liblocal_notification.a */;
			productType = "com.apple.product-type.library.static";
		};
/* End PBXNativeTarget section */

/* Begin PBXProject section */
		BD8AECF02A5744C000222717 /* Project object */ = {
			isa = PBXProject;
			attributes = {
				BuildIndependentTargetsInParallel = 1;
				LastUpgradeCheck = 1420;
				TargetAttributes = {
					BD8AECF72A5744C000222717 = {
						CreatedOnToolsVersion = 14.2;
					};
				};
			};
			buildConfigurationList = BD8AECF32A5744C000222717 /* Build configuration list for PBXProject "local_notification" */;
			compatibilityVersion = "Xcode 14.0";
			developmentRegion = en;
			hasScannedForEncodings = 0;
			knownRegions = (
				en,
				Base,
			);
			mainGroup = BD8AECEF2A5744C000222717;
			productRefGroup = BD8AECF92A5744C000222717 /* Products */;
			projectDirPath = "";
			projectRoot = "";
			targets = (
				BD8AECF72A5744C000222717 /* local_notification */,
			);
		};
/* End PBXProject section */

/* Begin PBXSourcesBuildPhase section */
		BD8AECF42A5744C000222717 /* Sources */ = {
			isa = PBXSourcesBuildPhase;
			buildActionMask = 2147483647;
			files = (
				BD8AECFD2A5744C000222717 /* local_notification.mm in Sources */,
				BDF397C62A5BE8D50073C2AD /* local_notification_module.mm in Sources */,
			);
			runOnlyForDeploymentPostprocessing = 0;
		};
/* End PBXSourcesBuildPhase section */

/* Begin XCBuildConfiguration section */
		BD8AECFF2A5744C000222717 /* Debug */ = {
			isa = XCBuildConfiguration;
			buildSettings = {
				ALWAYS_SEARCH_USER_PATHS = NO;
				CLANG_ANALYZER_NONNULL = YES;
				CLANG_ANALYZER_NUMBER_OBJECT_CONVERSION = YES_AGGRESSIVE;
				CLANG_CXX_LANGUAGE_STANDARD = "gnu++20";
				CLANG_ENABLE_MODULES = YES;
				CLANG_ENABLE_OBJC_ARC = YES;
				CLANG_ENABLE_OBJC_WEAK = YES;
				CLANG_WARN_BLOCK_CAPTURE_AUTORELEASING = YES;
				CLANG_WARN_BOOL_CONVERSION = YES;
				CLANG_WARN_COMMA = YES;
				CLANG_WARN_CONSTANT_CONVERSION = YES;
				CLANG_WARN_DEPRECATED_OBJC_IMPLEMENTATIONS = YES;
				CLANG_WARN_DIRECT_OBJC_ISA_USAGE = YES_ERROR;
				CLANG_WARN_DOCUMENTATION_COMMENTS = YES;
				CLANG_WARN_EMPTY_BODY = YES;
				CLANG_WARN_ENUM_CONVERSION = YES;
				CLANG_WARN_INFINITE_RECURSION = YES;
				CLANG_WARN_INT_CONVERSION = YES;
				CLANG_WARN_NON_LITERAL_NULL_CONVERSION = YES;
				CLANG_WARN_OBJC_IMPLICIT_RETAIN_SELF = YES;
				CLANG_WARN_OBJC_LITERAL_CONVERSION = YES;
				CLANG_WARN_OBJC_ROOT_CLASS = YES_ERROR;
				CLANG_WARN_QUOTED_INCLUDE_IN_FRAMEWORK_HEADER = YES;
				CLANG_WARN_RANGE_LOOP_ANALYSIS = YES;
				CLANG_WARN_STRICT_PROTOTYPES = YES;
				CLANG_WARN_SUSPICIOUS_MOVE = YES;
				CLANG_WARN_UNGUARDED_AVAILABILITY = YES_AGGRESSIVE;
				CLANG_WARN_UNREACHABLE_CODE = YES;
				CLANG_WARN__DUPLICATE_METHOD_MATCH = YES;
				COPY_PHASE_STRIP = NO;
				DEBUG_INFORMATION_FORMAT = dwarf;
				ENABLE_STRICT_OBJC_MSGSEND = YES;
				ENABLE_TESTABILITY = YES;
				GCC_C_LANGUAGE_STANDARD = gnu11;
				GCC_DYNAMIC_NO_PIC = NO;
				GCC_NO_COMMON_BLOCKS = YES;
				GCC_OPTIMIZATION_LEVEL = 0;
				GCC_PREPROCESSOR_DEFINITIONS = (
					"DEBUG=1",
					"$(inherited)",
				);
				GCC_WARN_64_TO_32_BIT_CONVERSION = YES;
				GCC_WARN_ABOUT_RETURN_TYPE = YES_ERROR;
				GCC_WARN_UNDECLARED_SELECTOR = YES;
				GCC_WARN_UNINITIALIZED_AUTOS = YES_AGGRESSIVE;
				GCC_WARN_UNUSED_FUNCTION = YES;
				GCC_WARN_UNUSED_VARIABLE = YES;
				IPHONEOS_DEPLOYMENT_TARGET = 16.2;
				MTL_ENABLE_DEBUG_INFO = INCLUDE_SOURCE;
				MTL_FAST_MATH = YES;
				ONLY_ACTIVE_ARCH = YES;
				SDKROOT = iphoneos;
			};
			name = Debug;
		};
		BD8AED002A5744C000222717 /* Release */ = {
			isa = XCBuildConfiguration;
			buildSettings = {
				ALWAYS_SEARCH_USER_PATHS = NO;
				CLANG_ANALYZER_NONNULL = YES;
				CLANG_ANALYZER_NUMBER_OBJECT_CONVERSION = YES_AGGRESSIVE;
				CLANG_CXX_LANGUAGE_STANDARD = "gnu++20";
				CLANG_ENABLE_MODULES = YES;
				CLANG_ENABLE_OBJC_ARC = YES;
				CLANG_ENABLE_OBJC_WEAK = YES;
				CLANG_WARN_BLOCK_CAPTURE_AUTORELEASING = YES;
				CLANG_WARN_BOOL_CONVERSION = YES;
				CLANG_WARN_COMMA = YES;
				CLANG_WARN_CONSTANT_CONVERSION = YES;
				CLANG_WARN_DEPRECATED_OBJC_IMPLEMENTATIONS = YES;
				CLANG_WARN_DIRECT_OBJC_ISA_USAGE = YES_ERROR;
				CLANG_WARN_DOCUMENTATION_COMMENTS = YES;
				CLANG_WARN_EMPTY_BODY = YES;
				CLANG_WARN_ENUM_CONVERSION = YES;
				CLANG_WARN_INFINITE_RECURSION = YES;
				CLANG_WARN_INT_CONVERSION = YES;
				CLANG_WARN_NON_LITERAL_NULL_CONVERSION = YES;
				CLANG_WARN_OBJC_IMPLICIT_RETAIN_SELF = YES;
				CLANG_WARN_OBJC_LITERAL_CONVERSION = YES;
				CLANG_WARN_OBJC_ROOT_CLASS = YES_ERROR;
				CLANG_WARN_QUOTED_INCLUDE_IN_FRAMEWORK_HEADER = YES;
				CLANG_WARN_RANGE_LOOP_ANALYSIS = YES;
				CLANG_WARN_STRICT_PROTOTYPES = YES;
				CLANG_WARN_SUSPICIOUS_MOVE = YES;
				CLANG_WARN_UNGUARDED_AVAILABILITY = YES_AGGRESSIVE;
				CLANG_WARN_UNREACHABLE_CODE = YES;
				CLANG_WARN__DUPLICATE_METHOD_MATCH = YES;
				COPY_PHASE_STRIP = NO;
				DEBUG_INFORMATION_FORMAT = "dwarf-with-dsym";
				ENABLE_NS_ASSERTIONS = NO;
				ENABLE_STRICT_OBJC_MSGSEND = YES;
				GCC_C_LANGUAGE_STANDARD = gnu11;
				GCC_NO_COMMON_BLOCKS = YES;
				GCC_WARN_64_TO_32_BIT_CONVERSION = YES;
				GCC_WARN_ABOUT_RETURN_TYPE = YES_ERROR;
				GCC_WARN_UNDECLARED_SELECTOR = YES;
				GCC_WARN_UNINITIALIZED_AUTOS = YES_AGGRESSIVE;
				GCC_WARN_UNUSED_FUNCTION = YES;
				GCC_WARN_UNUSED_VARIABLE = YES;
				IPHONEOS_DEPLOYMENT_TARGET = 16.2;
				MTL_ENABLE_DEBUG_INFO = NO;
				MTL_FAST_MATH = YES;
				SDKROOT = iphoneos;
				VALIDATE_PRODUCT = YES;
			};
			name = Release;
		};
		BD8AED022A5744C000222717 /* Debug */ = {
			isa = XCBuildConfiguration;
			buildSettings = {
				CODE_SIGN_STYLE = Automatic;
				DEVELOPMENT_TEAM = X8AT4MS8ZQ;
				HEADER_SEARCH_PATHS = (
					"${inherited}",
					"${SRCROOT}/../godot",
					"${SRCROOT}/../godot/platform/iphone",
				);
				OTHER_LDFLAGS = "-ObjC";
				PRODUCT_NAME = "$(TARGET_NAME)";
				SKIP_INSTALL = YES;
				TARGETED_DEVICE_FAMILY = "1,2";
			};
			name = Debug;
		};
		BD8AED032A5744C000222717 /* Release */ = {
			isa = XCBuildConfiguration;
			buildSettings = {
				CODE_SIGN_STYLE = Automatic;
				DEVELOPMENT_TEAM = X8AT4MS8ZQ;
				HEADER_SEARCH_PATHS = (
					"${inherited}",
					"${SRCROOT}/../godot",
					"${SRCROOT}/../godot/platform/iphone",
				);
				OTHER_LDFLAGS = "-ObjC";
				PRODUCT_NAME = "$(TARGET_NAME)";
				SKIP_INSTALL = YES;
				TARGETED_DEVICE_FAMILY = "1,2";
			};
			name = Release;
		};
/* End XCBuildConfiguration section */

/* Begin XCConfigurationList section */
		BD8AECF32A5744C000222717 /* Build configuration list for PBXProject "local_notification" */ = {
			isa = XCConfigurationList;
			buildConfigurations = (
				BD8AECFF2A5744C000222717 /* Debug */,
				BD8AED002A5744C000222717 /* Release */,
			);
			defaultConfigurationIsVisible = 0;
			defaultConfigurationName = Release;
		};
		BD8AED012A5744C000222717 /* Build configuration list for PBXNativeTarget "local_notification" */ = {
			isa = XCConfigurationList;
			buildConfigurations = (
				BD8AED022A5744C000222717 /* Debug */,
				BD8AED032A5744C000222717 /* Release */,
			);
			defaultConfigurationIsVisible = 0;
			defaultConfigurationName = Release;
		};
/* End XCConfigurationList section */
	};
	rootObject = BD8AECF02A5744C000222717 /* Project object */;
}
